// !$*UTF8*$!
{
	archiveVersion = 1;
	classes = {
	};
	objectVersion = 50;
	objects = {

/* Begin PBXBuildFile section */
		947E0C8E245476FE00EB6486 /* Socket.hpp in Sources */ = {isa = PBXBuildFile; fileRef = 947E0C8D245476FE00EB6486 /* Socket.hpp */; };
		947E0C942454B09600EB6486 /* Address.cpp in Sources */ = {isa = PBXBuildFile; fileRef = 94A8214624546DC3009E1E5B /* Address.cpp */; };
		947E0C952454B09A00EB6486 /* Socket.cpp in Sources */ = {isa = PBXBuildFile; fileRef = 94A8214424546CCD009E1E5B /* Socket.cpp */; };
		947E0C962454B0A500EB6486 /* Address.cpp in Sources */ = {isa = PBXBuildFile; fileRef = 94A8214624546DC3009E1E5B /* Address.cpp */; };
		947E0C972454B0A800EB6486 /* Socket.cpp in Sources */ = {isa = PBXBuildFile; fileRef = 94A8214424546CCD009E1E5B /* Socket.cpp */; };
		94A8213024546681009E1E5B /* main.cpp in Sources */ = {isa = PBXBuildFile; fileRef = 94A8212F24546681009E1E5B /* main.cpp */; };
		94A8213F24546A88009E1E5B /* main.cpp in Sources */ = {isa = PBXBuildFile; fileRef = 94A8213E24546A88009E1E5B /* main.cpp */; };
		94ACB23A2454BDA900EA48A0 /* Config.hpp in Sources */ = {isa = PBXBuildFile; fileRef = 94ACB2392454BDA900EA48A0 /* Config.hpp */; };
/* End PBXBuildFile section */

/* Begin PBXCopyFilesBuildPhase section */
		94A8212A24546681009E1E5B /* CopyFiles */ = {
			isa = PBXCopyFilesBuildPhase;
			buildActionMask = 2147483647;
			dstPath = /usr/share/man/man1/;
			dstSubfolderSpec = 0;
			files = (
			);
			runOnlyForDeploymentPostprocessing = 1;
		};
		94A8213A24546A88009E1E5B /* CopyFiles */ = {
			isa = PBXCopyFilesBuildPhase;
			buildActionMask = 2147483647;
			dstPath = /usr/share/man/man1/;
			dstSubfolderSpec = 0;
			files = (
			);
			runOnlyForDeploymentPostprocessing = 1;
		};
/* End PBXCopyFilesBuildPhase section */

/* Begin PBXFileReference section */
		947E0C8D245476FE00EB6486 /* Socket.hpp */ = {isa = PBXFileReference; lastKnownFileType = sourcecode.cpp.h; path = Socket.hpp; sourceTree = "<group>"; };
		94A8212C24546681009E1E5B /* UDP */ = {isa = PBXFileReference; explicitFileType = "compiled.mach-o.executable"; includeInIndex = 0; path = UDP; sourceTree = BUILT_PRODUCTS_DIR; };
		94A8212F24546681009E1E5B /* main.cpp */ = {isa = PBXFileReference; lastKnownFileType = sourcecode.cpp.cpp; path = main.cpp; sourceTree = "<group>"; };
		94A8213C24546A88009E1E5B /* Client */ = {isa = PBXFileReference; explicitFileType = "compiled.mach-o.executable"; includeInIndex = 0; path = Client; sourceTree = BUILT_PRODUCTS_DIR; };
		94A8213E24546A88009E1E5B /* main.cpp */ = {isa = PBXFileReference; lastKnownFileType = sourcecode.cpp.cpp; path = main.cpp; sourceTree = "<group>"; };
		94A8214424546CCD009E1E5B /* Socket.cpp */ = {isa = PBXFileReference; lastKnownFileType = sourcecode.cpp.cpp; path = Socket.cpp; sourceTree = "<group>"; };
		94A8214624546DC3009E1E5B /* Address.cpp */ = {isa = PBXFileReference; lastKnownFileType = sourcecode.cpp.cpp; path = Address.cpp; sourceTree = "<group>"; };
		94A8214724546DC3009E1E5B /* Address.hpp */ = {isa = PBXFileReference; lastKnownFileType = sourcecode.cpp.h; path = Address.hpp; sourceTree = "<group>"; };
		94ACB2392454BDA900EA48A0 /* Config.hpp */ = {isa = PBXFileReference; lastKnownFileType = sourcecode.cpp.h; path = Config.hpp; sourceTree = "<group>"; };
/* End PBXFileReference section */

/* Begin PBXFrameworksBuildPhase section */
		94A8212924546681009E1E5B /* Frameworks */ = {
			isa = PBXFrameworksBuildPhase;
			buildActionMask = 2147483647;
			files = (
			);
			runOnlyForDeploymentPostprocessing = 0;
		};
		94A8213924546A88009E1E5B /* Frameworks */ = {
			isa = PBXFrameworksBuildPhase;
			buildActionMask = 2147483647;
			files = (
			);
			runOnlyForDeploymentPostprocessing = 0;
		};
/* End PBXFrameworksBuildPhase section */

/* Begin PBXGroup section */
		94A8212324546681009E1E5B = {
			isa = PBXGroup;
			children = (
				94A8214324546CBE009E1E5B /* Core */,
				94A8212E24546681009E1E5B /* Server */,
				94A8213D24546A88009E1E5B /* Client */,
				94A8212D24546681009E1E5B /* Products */,
			);
			sourceTree = "<group>";
		};
		94A8212D24546681009E1E5B /* Products */ = {
			isa = PBXGroup;
			children = (
				94A8212C24546681009E1E5B /* UDP */,
				94A8213C24546A88009E1E5B /* Client */,
			);
			name = Products;
			sourceTree = "<group>";
		};
		94A8212E24546681009E1E5B /* Server */ = {
			isa = PBXGroup;
			children = (
				94A8212F24546681009E1E5B /* main.cpp */,
			);
			path = Server;
			sourceTree = "<group>";
		};
		94A8213D24546A88009E1E5B /* Client */ = {
			isa = PBXGroup;
			children = (
				94A8213E24546A88009E1E5B /* main.cpp */,
			);
			path = Client;
			sourceTree = "<group>";
		};
		94A8214324546CBE009E1E5B /* Core */ = {
			isa = PBXGroup;
			children = (
				94A8214424546CCD009E1E5B /* Socket.cpp */,
				947E0C8D245476FE00EB6486 /* Socket.hpp */,
				94A8214624546DC3009E1E5B /* Address.cpp */,
				94A8214724546DC3009E1E5B /* Address.hpp */,
				94ACB2392454BDA900EA48A0 /* Config.hpp */,
			);
			path = Core;
			sourceTree = "<group>";
		};
/* End PBXGroup section */

/* Begin PBXNativeTarget section */
		94A8212B24546681009E1E5B /* UDP */ = {
			isa = PBXNativeTarget;
			buildConfigurationList = 94A8213324546681009E1E5B /* Build configuration list for PBXNativeTarget "UDP" */;
			buildPhases = (
				94A8212824546681009E1E5B /* Sources */,
				94A8212924546681009E1E5B /* Frameworks */,
				94A8212A24546681009E1E5B /* CopyFiles */,
			);
			buildRules = (
			);
			dependencies = (
			);
			name = UDP;
			productName = UDP;
			productReference = 94A8212C24546681009E1E5B /* UDP */;
			productType = "com.apple.product-type.tool";
		};
		94A8213B24546A88009E1E5B /* Client */ = {
			isa = PBXNativeTarget;
			buildConfigurationList = 94A8214024546A88009E1E5B /* Build configuration list for PBXNativeTarget "Client" */;
			buildPhases = (
				94A8213824546A88009E1E5B /* Sources */,
				94A8213924546A88009E1E5B /* Frameworks */,
				94A8213A24546A88009E1E5B /* CopyFiles */,
			);
			buildRules = (
			);
			dependencies = (
			);
			name = Client;
			productName = Client;
			productReference = 94A8213C24546A88009E1E5B /* Client */;
			productType = "com.apple.product-type.tool";
		};
/* End PBXNativeTarget section */

/* Begin PBXProject section */
		94A8212424546681009E1E5B /* Project object */ = {
			isa = PBXProject;
			attributes = {
				LastUpgradeCheck = 1140;
				ORGANIZATIONNAME = "Alexander Kosmachyov";
				TargetAttributes = {
					94A8212B24546681009E1E5B = {
						CreatedOnToolsVersion = 11.4.1;
					};
					94A8213B24546A88009E1E5B = {
						CreatedOnToolsVersion = 11.4.1;
					};
				};
			};
			buildConfigurationList = 94A8212724546681009E1E5B /* Build configuration list for PBXProject "UDP" */;
			compatibilityVersion = "Xcode 9.3";
			developmentRegion = en;
			hasScannedForEncodings = 0;
			knownRegions = (
				en,
				Base,
			);
			mainGroup = 94A8212324546681009E1E5B;
			productRefGroup = 94A8212D24546681009E1E5B /* Products */;
			projectDirPath = "";
			projectRoot = "";
			targets = (
				94A8212B24546681009E1E5B /* UDP */,
				94A8213B24546A88009E1E5B /* Client */,
			);
		};
/* End PBXProject section */

/* Begin PBXSourcesBuildPhase section */
		94A8212824546681009E1E5B /* Sources */ = {
			isa = PBXSourcesBuildPhase;
			buildActionMask = 2147483647;
			files = (
				947E0C952454B09A00EB6486 /* Socket.cpp in Sources */,
				94A8213024546681009E1E5B /* main.cpp in Sources */,
				947E0C942454B09600EB6486 /* Address.cpp in Sources */,
				94ACB23A2454BDA900EA48A0 /* Config.hpp in Sources */,
				947E0C8E245476FE00EB6486 /* Socket.hpp in Sources */,
			);
			runOnlyForDeploymentPostprocessing = 0;
		};
		94A8213824546A88009E1E5B /* Sources */ = {
			isa = PBXSourcesBuildPhase;
			buildActionMask = 2147483647;
			files = (
				947E0C962454B0A500EB6486 /* Address.cpp in Sources */,
				94ACB23B2454BDA900EA48A0 /* Config.hpp in Sources */,
				947E0C972454B0A800EB6486 /* Socket.cpp in Sources */,
				94A8213F24546A88009E1E5B /* main.cpp in Sources */,
			);
			runOnlyForDeploymentPostprocessing = 0;
		};
/* End PBXSourcesBuildPhase section */

/* Begin XCBuildConfiguration section */
		94A8213124546681009E1E5B /* Debug */ = {
			isa = XCBuildConfiguration;
			buildSettings = {
				ALWAYS_SEARCH_USER_PATHS = NO;
				CLANG_ANALYZER_NONNULL = YES;
				CLANG_ANALYZER_NUMBER_OBJECT_CONVERSION = YES_AGGRESSIVE;
				CLANG_CXX_LANGUAGE_STANDARD = "gnu++14";
				CLANG_CXX_LIBRARY = "libc++";
				CLANG_ENABLE_MODULES = YES;
				CLANG_ENABLE_OBJC_ARC = YES;
				CLANG_ENABLE_OBJC_WEAK = YES;
				CLANG_WARN_BLOCK_CAPTURE_AUTORELEASING = YES;
				CLANG_WARN_BOOL_CONVERSION = YES;
				CLANG_WARN_COMMA = YES;
				CLANG_WARN_CONSTANT_CONVERSION = YES;
				CLANG_WARN_DEPRECATED_OBJC_IMPLEMENTATIONS = YES;
				CLANG_WARN_DIRECT_OBJC_ISA_USAGE = YES_ERROR;
				CLANG_WARN_DOCUMENTATION_COMMENTS = YES;
				CLANG_WARN_EMPTY_BODY = YES;
				CLANG_WARN_ENUM_CONVERSION = YES;
				CLANG_WARN_INFINITE_RECURSION = YES;
				CLANG_WARN_INT_CONVERSION = YES;
				CLANG_WARN_NON_LITERAL_NULL_CONVERSION = YES;
				CLANG_WARN_OBJC_IMPLICIT_RETAIN_SELF = YES;
				CLANG_WARN_OBJC_LITERAL_CONVERSION = YES;
				CLANG_WARN_OBJC_ROOT_CLASS = YES_ERROR;
				CLANG_WARN_RANGE_LOOP_ANALYSIS = YES;
				CLANG_WARN_STRICT_PROTOTYPES = YES;
				CLANG_WARN_SUSPICIOUS_MOVE = YES;
				CLANG_WARN_UNGUARDED_AVAILABILITY = YES_AGGRESSIVE;
				CLANG_WARN_UNREACHABLE_CODE = YES;
				CLANG_WARN__DUPLICATE_METHOD_MATCH = YES;
				COPY_PHASE_STRIP = NO;
				DEBUG_INFORMATION_FORMAT = dwarf;
				ENABLE_STRICT_OBJC_MSGSEND = YES;
				ENABLE_TESTABILITY = YES;
				GCC_C_LANGUAGE_STANDARD = gnu11;
				GCC_DYNAMIC_NO_PIC = NO;
				GCC_NO_COMMON_BLOCKS = YES;
				GCC_OPTIMIZATION_LEVEL = 0;
				GCC_PREPROCESSOR_DEFINITIONS = (
					"DEBUG=1",
					"$(inherited)",
				);
				GCC_WARN_64_TO_32_BIT_CONVERSION = YES;
				GCC_WARN_ABOUT_RETURN_TYPE = YES_ERROR;
				GCC_WARN_UNDECLARED_SELECTOR = YES;
				GCC_WARN_UNINITIALIZED_AUTOS = YES_AGGRESSIVE;
				GCC_WARN_UNUSED_FUNCTION = YES;
				GCC_WARN_UNUSED_VARIABLE = YES;
				MACOSX_DEPLOYMENT_TARGET = 10.15;
				MTL_ENABLE_DEBUG_INFO = INCLUDE_SOURCE;
				MTL_FAST_MATH = YES;
				ONLY_ACTIVE_ARCH = YES;
				SDKROOT = macosx;
			};
			name = Debug;
		};
		94A8213224546681009E1E5B /* Release */ = {
			isa = XCBuildConfiguration;
			buildSettings = {
				ALWAYS_SEARCH_USER_PATHS = NO;
				CLANG_ANALYZER_NONNULL = YES;
				CLANG_ANALYZER_NUMBER_OBJECT_CONVERSION = YES_AGGRESSIVE;
				CLANG_CXX_LANGUAGE_STANDARD = "gnu++14";
				CLANG_CXX_LIBRARY = "libc++";
				CLANG_ENABLE_MODULES = YES;
				CLANG_ENABLE_OBJC_ARC = YES;
				CLANG_ENABLE_OBJC_WEAK = YES;
				CLANG_WARN_BLOCK_CAPTURE_AUTORELEASING = YES;
				CLANG_WARN_BOOL_CONVERSION = YES;
				CLANG_WARN_COMMA = YES;
				CLANG_WARN_CONSTANT_CONVERSION = YES;
				CLANG_WARN_DEPRECATED_OBJC_IMPLEMENTATIONS = YES;
				CLANG_WARN_DIRECT_OBJC_ISA_USAGE = YES_ERROR;
				CLANG_WARN_DOCUMENTATION_COMMENTS = YES;
				CLANG_WARN_EMPTY_BODY = YES;
				CLANG_WARN_ENUM_CONVERSION = YES;
				CLANG_WARN_INFINITE_RECURSION = YES;
				CLANG_WARN_INT_CONVERSION = YES;
				CLANG_WARN_NON_LITERAL_NULL_CONVERSION = YES;
				CLANG_WARN_OBJC_IMPLICIT_RETAIN_SELF = YES;
				CLANG_WARN_OBJC_LITERAL_CONVERSION = YES;
				CLANG_WARN_OBJC_ROOT_CLASS = YES_ERROR;
				CLANG_WARN_RANGE_LOOP_ANALYSIS = YES;
				CLANG_WARN_STRICT_PROTOTYPES = YES;
				CLANG_WARN_SUSPICIOUS_MOVE = YES;
				CLANG_WARN_UNGUARDED_AVAILABILITY = YES_AGGRESSIVE;
				CLANG_WARN_UNREACHABLE_CODE = YES;
				CLANG_WARN__DUPLICATE_METHOD_MATCH = YES;
				COPY_PHASE_STRIP = NO;
				DEBUG_INFORMATION_FORMAT = "dwarf-with-dsym";
				ENABLE_NS_ASSERTIONS = NO;
				ENABLE_STRICT_OBJC_MSGSEND = YES;
				GCC_C_LANGUAGE_STANDARD = gnu11;
				GCC_NO_COMMON_BLOCKS = YES;
				GCC_WARN_64_TO_32_BIT_CONVERSION = YES;
				GCC_WARN_ABOUT_RETURN_TYPE = YES_ERROR;
				GCC_WARN_UNDECLARED_SELECTOR = YES;
				GCC_WARN_UNINITIALIZED_AUTOS = YES_AGGRESSIVE;
				GCC_WARN_UNUSED_FUNCTION = YES;
				GCC_WARN_UNUSED_VARIABLE = YES;
				MACOSX_DEPLOYMENT_TARGET = 10.15;
				MTL_ENABLE_DEBUG_INFO = NO;
				MTL_FAST_MATH = YES;
				SDKROOT = macosx;
			};
			name = Release;
		};
		94A8213424546681009E1E5B /* Debug */ = {
			isa = XCBuildConfiguration;
			buildSettings = {
				CODE_SIGN_STYLE = Automatic;
				DEVELOPMENT_TEAM = 6U634XQ96H;
				ENABLE_HARDENED_RUNTIME = YES;
				PRODUCT_NAME = "$(TARGET_NAME)";
			};
			name = Debug;
		};
		94A8213524546681009E1E5B /* Release */ = {
			isa = XCBuildConfiguration;
			buildSettings = {
				CODE_SIGN_STYLE = Automatic;
				DEVELOPMENT_TEAM = 6U634XQ96H;
				ENABLE_HARDENED_RUNTIME = YES;
				PRODUCT_NAME = "$(TARGET_NAME)";
			};
			name = Release;
		};
		94A8214124546A88009E1E5B /* Debug */ = {
			isa = XCBuildConfiguration;
			buildSettings = {
				CODE_SIGN_STYLE = Automatic;
				DEVELOPMENT_TEAM = 6U634XQ96H;
				ENABLE_HARDENED_RUNTIME = YES;
				PRODUCT_NAME = "$(TARGET_NAME)";
			};
			name = Debug;
		};
		94A8214224546A88009E1E5B /* Release */ = {
			isa = XCBuildConfiguration;
			buildSettings = {
				CODE_SIGN_STYLE = Automatic;
				DEVELOPMENT_TEAM = 6U634XQ96H;
				ENABLE_HARDENED_RUNTIME = YES;
				PRODUCT_NAME = "$(TARGET_NAME)";
			};
			name = Release;
		};
/* End XCBuildConfiguration section */

/* Begin XCConfigurationList section */
		94A8212724546681009E1E5B /* Build configuration list for PBXProject "UDP" */ = {
			isa = XCConfigurationList;
			buildConfigurations = (
				94A8213124546681009E1E5B /* Debug */,
				94A8213224546681009E1E5B /* Release */,
			);
			defaultConfigurationIsVisible = 0;
			defaultConfigurationName = Release;
		};
		94A8213324546681009E1E5B /* Build configuration list for PBXNativeTarget "UDP" */ = {
			isa = XCConfigurationList;
			buildConfigurations = (
				94A8213424546681009E1E5B /* Debug */,
				94A8213524546681009E1E5B /* Release */,
			);
			defaultConfigurationIsVisible = 0;
			defaultConfigurationName = Release;
		};
		94A8214024546A88009E1E5B /* Build configuration list for PBXNativeTarget "Client" */ = {
			isa = XCConfigurationList;
			buildConfigurations = (
				94A8214124546A88009E1E5B /* Debug */,
				94A8214224546A88009E1E5B /* Release */,
			);
			defaultConfigurationIsVisible = 0;
			defaultConfigurationName = Release;
		};
/* End XCConfigurationList section */
	};
	rootObject = 94A8212424546681009E1E5B /* Project object */;
}
